// !$*UTF8*$!
{
	archiveVersion = 1;
	classes = {
	};
	objectVersion = 50;
	objects = {

/* Begin PBXBuildFile section */
		D74AFAF424ABD38F007840F5 /* AppDelegate.swift in Sources */ = {isa = PBXBuildFile; fileRef = D74AFAF324ABD38F007840F5 /* AppDelegate.swift */; };
		D74AFAF624ABD38F007840F5 /* SceneDelegate.swift in Sources */ = {isa = PBXBuildFile; fileRef = D74AFAF524ABD38F007840F5 /* SceneDelegate.swift */; };
		D74AFAF824ABD38F007840F5 /* ViewController.swift in Sources */ = {isa = PBXBuildFile; fileRef = D74AFAF724ABD38F007840F5 /* ViewController.swift */; };
		D74AFAFB24ABD38F007840F5 /* Main.storyboard in Resources */ = {isa = PBXBuildFile; fileRef = D74AFAF924ABD38F007840F5 /* Main.storyboard */; };
		D74AFAFD24ABD391007840F5 /* Assets.xcassets in Resources */ = {isa = PBXBuildFile; fileRef = D74AFAFC24ABD391007840F5 /* Assets.xcassets */; };
		D74AFB0024ABD391007840F5 /* LaunchScreen.storyboard in Resources */ = {isa = PBXBuildFile; fileRef = D74AFAFE24ABD391007840F5 /* LaunchScreen.storyboard */; };
		D74AFB0824ABDBCD007840F5 /* weatherBackend.swift in Sources */ = {isa = PBXBuildFile; fileRef = D74AFB0724ABDBCD007840F5 /* weatherBackend.swift */; };
		D74AFB0A24AC126A007840F5 /* weatherData.swift in Sources */ = {isa = PBXBuildFile; fileRef = D74AFB0924AC126A007840F5 /* weatherData.swift */; };
/* End PBXBuildFile section */

/* Begin PBXFileReference section */
		D74AFAF024ABD38F007840F5 /* WeatherApp.app */ = {isa = PBXFileReference; explicitFileType = wrapper.application; includeInIndex = 0; path = WeatherApp.app; sourceTree = BUILT_PRODUCTS_DIR; };
		D74AFAF324ABD38F007840F5 /* AppDelegate.swift */ = {isa = PBXFileReference; lastKnownFileType = sourcecode.swift; path = AppDelegate.swift; sourceTree = "<group>"; };
		D74AFAF524ABD38F007840F5 /* SceneDelegate.swift */ = {isa = PBXFileReference; lastKnownFileType = sourcecode.swift; path = SceneDelegate.swift; sourceTree = "<group>"; };
		D74AFAF724ABD38F007840F5 /* ViewController.swift */ = {isa = PBXFileReference; lastKnownFileType = sourcecode.swift; path = ViewController.swift; sourceTree = "<group>"; };
		D74AFAFA24ABD38F007840F5 /* Base */ = {isa = PBXFileReference; lastKnownFileType = file.storyboard; name = Base; path = Base.lproj/Main.storyboard; sourceTree = "<group>"; };
		D74AFAFC24ABD391007840F5 /* Assets.xcassets */ = {isa = PBXFileReference; lastKnownFileType = folder.assetcatalog; path = Assets.xcassets; sourceTree = "<group>"; };
		D74AFAFF24ABD391007840F5 /* Base */ = {isa = PBXFileReference; lastKnownFileType = file.storyboard; name = Base; path = Base.lproj/LaunchScreen.storyboard; sourceTree = "<group>"; };
		D74AFB0124ABD391007840F5 /* Info.plist */ = {isa = PBXFileReference; lastKnownFileType = text.plist.xml; path = Info.plist; sourceTree = "<group>"; };
		D74AFB0724ABDBCD007840F5 /* weatherBackend.swift */ = {isa = PBXFileReference; lastKnownFileType = sourcecode.swift; path = weatherBackend.swift; sourceTree = "<group>"; };
		D74AFB0924AC126A007840F5 /* weatherData.swift */ = {isa = PBXFileReference; lastKnownFileType = sourcecode.swift; path = weatherData.swift; sourceTree = "<group>"; };
/* End PBXFileReference section */

/* Begin PBXFrameworksBuildPhase section */
		D74AFAED24ABD38F007840F5 /* Frameworks */ = {
			isa = PBXFrameworksBuildPhase;
			buildActionMask = 2147483647;
			files = (
			);
			runOnlyForDeploymentPostprocessing = 0;
		};
/* End PBXFrameworksBuildPhase section */

/* Begin PBXGroup section */
		D74AFAE724ABD38F007840F5 = {
			isa = PBXGroup;
			children = (
				D74AFAF224ABD38F007840F5 /* WeatherApp */,
				D74AFAF124ABD38F007840F5 /* Products */,
			);
			sourceTree = "<group>";
		};
		D74AFAF124ABD38F007840F5 /* Products */ = {
			isa = PBXGroup;
			children = (
				D74AFAF024ABD38F007840F5 /* WeatherApp.app */,
			);
			name = Products;
			sourceTree = "<group>";
		};
		D74AFAF224ABD38F007840F5 /* WeatherApp */ = {
			isa = PBXGroup;
			children = (
				D74AFAF324ABD38F007840F5 /* AppDelegate.swift */,
				D74AFAF524ABD38F007840F5 /* SceneDelegate.swift */,
				D74AFAF724ABD38F007840F5 /* ViewController.swift */,
				D74AFAF924ABD38F007840F5 /* Main.storyboard */,
				D74AFB0724ABDBCD007840F5 /* weatherBackend.swift */,
				D74AFB0924AC126A007840F5 /* weatherData.swift */,
				D74AFAFC24ABD391007840F5 /* Assets.xcassets */,
				D74AFAFE24ABD391007840F5 /* LaunchScreen.storyboard */,
				D74AFB0124ABD391007840F5 /* Info.plist */,
			);
			path = WeatherApp;
			sourceTree = "<group>";
		};
/* End PBXGroup section */

/* Begin PBXNativeTarget section */
		D74AFAEF24ABD38F007840F5 /* WeatherApp */ = {
			isa = PBXNativeTarget;
			buildConfigurationList = D74AFB0424ABD391007840F5 /* Build configuration list for PBXNativeTarget "WeatherApp" */;
			buildPhases = (
				D74AFAEC24ABD38F007840F5 /* Sources */,
				D74AFAED24ABD38F007840F5 /* Frameworks */,
				D74AFAEE24ABD38F007840F5 /* Resources */,
			);
			buildRules = (
			);
			dependencies = (
			);
			name = WeatherApp;
			productName = WeatherApp;
			productReference = D74AFAF024ABD38F007840F5 /* WeatherApp.app */;
			productType = "com.apple.product-type.application";
		};
/* End PBXNativeTarget section */

/* Begin PBXProject section */
		D74AFAE824ABD38F007840F5 /* Project object */ = {
			isa = PBXProject;
			attributes = {
				LastSwiftUpdateCheck = 1150;
				LastUpgradeCheck = 1150;
				ORGANIZATIONNAME = "Devanshu Kumar";
				TargetAttributes = {
					D74AFAEF24ABD38F007840F5 = {
						CreatedOnToolsVersion = 11.5;
					};
				};
			};
			buildConfigurationList = D74AFAEB24ABD38F007840F5 /* Build configuration list for PBXProject "WeatherApp" */;
			compatibilityVersion = "Xcode 9.3";
			developmentRegion = en;
			hasScannedForEncodings = 0;
			knownRegions = (
				en,
				Base,
			);
			mainGroup = D74AFAE724ABD38F007840F5;
			productRefGroup = D74AFAF124ABD38F007840F5 /* Products */;
			projectDirPath = "";
			projectRoot = "";
			targets = (
				D74AFAEF24ABD38F007840F5 /* WeatherApp */,
			);
		};
/* End PBXProject section */

/* Begin PBXResourcesBuildPhase section */
		D74AFAEE24ABD38F007840F5 /* Resources */ = {
			isa = PBXResourcesBuildPhase;
			buildActionMask = 2147483647;
			files = (
				D74AFB0024ABD391007840F5 /* LaunchScreen.storyboard in Resources */,
				D74AFAFD24ABD391007840F5 /* Assets.xcassets in Resources */,
				D74AFAFB24ABD38F007840F5 /* Main.storyboard in Resources */,
			);
			runOnlyForDeploymentPostprocessing = 0;
		};
/* End PBXResourcesBuildPhase section */

/* Begin PBXSourcesBuildPhase section */
		D74AFAEC24ABD38F007840F5 /* Sources */ = {
			isa = PBXSourcesBuildPhase;
			buildActionMask = 2147483647;
			files = (
				D74AFAF824ABD38F007840F5 /* ViewController.swift in Sources */,
				D74AFB0A24AC126A007840F5 /* weatherData.swift in Sources */,
				D74AFAF424ABD38F007840F5 /* AppDelegate.swift in Sources */,
				D74AFAF624ABD38F007840F5 /* SceneDelegate.swift in Sources */,
				D74AFB0824ABDBCD007840F5 /* weatherBackend.swift in Sources */,
			);
			runOnlyForDeploymentPostprocessing = 0;
		};
/* End PBXSourcesBuildPhase section */

/* Begin PBXVariantGroup section */
		D74AFAF924ABD38F007840F5 /* Main.storyboard */ = {
			isa = PBXVariantGroup;
			children = (
				D74AFAFA24ABD38F007840F5 /* Base */,
			);
			name = Main.storyboard;
			sourceTree = "<group>";
		};
		D74AFAFE24ABD391007840F5 /* LaunchScreen.storyboard */ = {
			isa = PBXVariantGroup;
			children = (
				D74AFAFF24ABD391007840F5 /* Base */,
			);
			name = LaunchScreen.storyboard;
			sourceTree = "<group>";
		};
/* End PBXVariantGroup section */

/* Begin XCBuildConfiguration section */
		D74AFB0224ABD391007840F5 /* Debug */ = {
			isa = XCBuildConfiguration;
			buildSettings = {
				ALWAYS_SEARCH_USER_PATHS = NO;
				CLANG_ANALYZER_NONNULL = YES;
				CLANG_ANALYZER_NUMBER_OBJECT_CONVERSION = YES_AGGRESSIVE;
				CLANG_CXX_LANGUAGE_STANDARD = "gnu++14";
				CLANG_CXX_LIBRARY = "libc++";
				CLANG_ENABLE_MODULES = YES;
				CLANG_ENABLE_OBJC_ARC = YES;
				CLANG_ENABLE_OBJC_WEAK = YES;
				CLANG_WARN_BLOCK_CAPTURE_AUTORELEASING = YES;
				CLANG_WARN_BOOL_CONVERSION = YES;
				CLANG_WARN_COMMA = YES;
				CLANG_WARN_CONSTANT_CONVERSION = YES;
				CLANG_WARN_DEPRECATED_OBJC_IMPLEMENTATIONS = YES;
				CLANG_WARN_DIRECT_OBJC_ISA_USAGE = YES_ERROR;
				CLANG_WARN_DOCUMENTATION_COMMENTS = YES;
				CLANG_WARN_EMPTY_BODY = YES;
				CLANG_WARN_ENUM_CONVERSION = YES;
				CLANG_WARN_INFINITE_RECURSION = YES;
				CLANG_WARN_INT_CONVERSION = YES;
				CLANG_WARN_NON_LITERAL_NULL_CONVERSION = YES;
				CLANG_WARN_OBJC_IMPLICIT_RETAIN_SELF = YES;
				CLANG_WARN_OBJC_LITERAL_CONVERSION = YES;
				CLANG_WARN_OBJC_ROOT_CLASS = YES_ERROR;
				CLANG_WARN_RANGE_LOOP_ANALYSIS = YES;
				CLANG_WARN_STRICT_PROTOTYPES = YES;
				CLANG_WARN_SUSPICIOUS_MOVE = YES;
				CLANG_WARN_UNGUARDED_AVAILABILITY = YES_AGGRESSIVE;
				CLANG_WARN_UNREACHABLE_CODE = YES;
				CLANG_WARN__DUPLICATE_METHOD_MATCH = YES;
				COPY_PHASE_STRIP = NO;
				DEBUG_INFORMATION_FORMAT = dwarf;
				ENABLE_STRICT_OBJC_MSGSEND = YES;
				ENABLE_TESTABILITY = YES;
				GCC_C_LANGUAGE_STANDARD = gnu11;
				GCC_DYNAMIC_NO_PIC = NO;
				GCC_NO_COMMON_BLOCKS = YES;
				GCC_OPTIMIZATION_LEVEL = 0;
				GCC_PREPROCESSOR_DEFINITIONS = (
					"DEBUG=1",
					"$(inherited)",
				);
				GCC_WARN_64_TO_32_BIT_CONVERSION = YES;
				GCC_WARN_ABOUT_RETURN_TYPE = YES_ERROR;
				GCC_WARN_UNDECLARED_SELECTOR = YES;
				GCC_WARN_UNINITIALIZED_AUTOS = YES_AGGRESSIVE;
				GCC_WARN_UNUSED_FUNCTION = YES;
				GCC_WARN_UNUSED_VARIABLE = YES;
				IPHONEOS_DEPLOYMENT_TARGET = 13.5;
				MTL_ENABLE_DEBUG_INFO = INCLUDE_SOURCE;
				MTL_FAST_MATH = YES;
				ONLY_ACTIVE_ARCH = YES;
				SDKROOT = iphoneos;
				SWIFT_ACTIVE_COMPILATION_CONDITIONS = DEBUG;
				SWIFT_OPTIMIZATION_LEVEL = "-Onone";
			};
			name = Debug;
		};
		D74AFB0324ABD391007840F5 /* Release */ = {
			isa = XCBuildConfiguration;
			buildSettings = {
				ALWAYS_SEARCH_USER_PATHS = NO;
				CLANG_ANALYZER_NONNULL = YES;
				CLANG_ANALYZER_NUMBER_OBJECT_CONVERSION = YES_AGGRESSIVE;
				CLANG_CXX_LANGUAGE_STANDARD = "gnu++14";
				CLANG_CXX_LIBRARY = "libc++";
				CLANG_ENABLE_MODULES = YES;
				CLANG_ENABLE_OBJC_ARC = YES;
				CLANG_ENABLE_OBJC_WEAK = YES;
				CLANG_WARN_BLOCK_CAPTURE_AUTORELEASING = YES;
				CLANG_WARN_BOOL_CONVERSION = YES;
				CLANG_WARN_COMMA = YES;
				CLANG_WARN_CONSTANT_CONVERSION = YES;
				CLANG_WARN_DEPRECATED_OBJC_IMPLEMENTATIONS = YES;
				CLANG_WARN_DIRECT_OBJC_ISA_USAGE = YES_ERROR;
				CLANG_WARN_DOCUMENTATION_COMMENTS = YES;
				CLANG_WARN_EMPTY_BODY = YES;
				CLANG_WARN_ENUM_CONVERSION = YES;
				CLANG_WARN_INFINITE_RECURSION = YES;
				CLANG_WARN_INT_CONVERSION = YES;
				CLANG_WARN_NON_LITERAL_NULL_CONVERSION = YES;
				CLANG_WARN_OBJC_IMPLICIT_RETAIN_SELF = YES;
				CLANG_WARN_OBJC_LITERAL_CONVERSION = YES;
				CLANG_WARN_OBJC_ROOT_CLASS = YES_ERROR;
				CLANG_WARN_RANGE_LOOP_ANALYSIS = YES;
				CLANG_WARN_STRICT_PROTOTYPES = YES;
				CLANG_WARN_SUSPICIOUS_MOVE = YES;
				CLANG_WARN_UNGUARDED_AVAILABILITY = YES_AGGRESSIVE;
				CLANG_WARN_UNREACHABLE_CODE = YES;
				CLANG_WARN__DUPLICATE_METHOD_MATCH = YES;
				COPY_PHASE_STRIP = NO;
				DEBUG_INFORMATION_FORMAT = "dwarf-with-dsym";
				ENABLE_NS_ASSERTIONS = NO;
				ENABLE_STRICT_OBJC_MSGSEND = YES;
				GCC_C_LANGUAGE_STANDARD = gnu11;
				GCC_NO_COMMON_BLOCKS = YES;
				GCC_WARN_64_TO_32_BIT_CONVERSION = YES;
				GCC_WARN_ABOUT_RETURN_TYPE = YES_ERROR;
				GCC_WARN_UNDECLARED_SELECTOR = YES;
				GCC_WARN_UNINITIALIZED_AUTOS = YES_AGGRESSIVE;
				GCC_WARN_UNUSED_FUNCTION = YES;
				GCC_WARN_UNUSED_VARIABLE = YES;
				IPHONEOS_DEPLOYMENT_TARGET = 13.5;
				MTL_ENABLE_DEBUG_INFO = NO;
				MTL_FAST_MATH = YES;
				SDKROOT = iphoneos;
				SWIFT_COMPILATION_MODE = wholemodule;
				SWIFT_OPTIMIZATION_LEVEL = "-O";
				VALIDATE_PRODUCT = YES;
			};
			name = Release;
		};
		D74AFB0524ABD391007840F5 /* Debug */ = {
			isa = XCBuildConfiguration;
			buildSettings = {
				ASSETCATALOG_COMPILER_APPICON_NAME = AppIcon;
				CODE_SIGN_STYLE = Automatic;
				DEVELOPMENT_TEAM = 8TMU4Q4A8H;
				INFOPLIST_FILE = WeatherApp/Info.plist;
				LD_RUNPATH_SEARCH_PATHS = (
					"$(inherited)",
					"@executable_path/Frameworks",
				);
				PRODUCT_BUNDLE_IDENTIFIER = com.DevanshuKumar.WeatherApp;
				PRODUCT_NAME = "$(TARGET_NAME)";
				SWIFT_VERSION = 5.0;
				TARGETED_DEVICE_FAMILY = "1,2";
			};
			name = Debug;
		};
		D74AFB0624ABD391007840F5 /* Release */ = {
			isa = XCBuildConfiguration;
			buildSettings = {
				ASSETCATALOG_COMPILER_APPICON_NAME = AppIcon;
				CODE_SIGN_STYLE = Automatic;
				DEVELOPMENT_TEAM = 8TMU4Q4A8H;
				INFOPLIST_FILE = WeatherApp/Info.plist;
				LD_RUNPATH_SEARCH_PATHS = (
					"$(inherited)",
					"@executable_path/Frameworks",
				);
				PRODUCT_BUNDLE_IDENTIFIER = com.DevanshuKumar.WeatherApp;
				PRODUCT_NAME = "$(TARGET_NAME)";
				SWIFT_VERSION = 5.0;
				TARGETED_DEVICE_FAMILY = "1,2";
			};
			name = Release;
		};
/* End XCBuildConfiguration section */

/* Begin XCConfigurationList section */
		D74AFAEB24ABD38F007840F5 /* Build configuration list for PBXProject "WeatherApp" */ = {
			isa = XCConfigurationList;
			buildConfigurations = (
				D74AFB0224ABD391007840F5 /* Debug */,
				D74AFB0324ABD391007840F5 /* Release */,
			);
			defaultConfigurationIsVisible = 0;
			defaultConfigurationName = Release;
		};
		D74AFB0424ABD391007840F5 /* Build configuration list for PBXNativeTarget "WeatherApp" */ = {
			isa = XCConfigurationList;
			buildConfigurations = (
				D74AFB0524ABD391007840F5 /* Debug */,
				D74AFB0624ABD391007840F5 /* Release */,
			);
			defaultConfigurationIsVisible = 0;
			defaultConfigurationName = Release;
		};
/* End XCConfigurationList section */
	};
	rootObject = D74AFAE824ABD38F007840F5 /* Project object */;
}
